// !$*UTF8*$!
{
	archiveVersion = 1;
	classes = {
	};
	objectVersion = 46;
	objects = {

/* Begin PBXBuildFile section */
		F926308C1D8197F0003F13AB /* AppDelegate.swift in Sources */ = {isa = PBXBuildFile; fileRef = F926308B1D8197F0003F13AB /* AppDelegate.swift */; };
		F92630911D8197F0003F13AB /* Main.storyboard in Resources */ = {isa = PBXBuildFile; fileRef = F926308F1D8197F0003F13AB /* Main.storyboard */; };
		F92630931D8197F0003F13AB /* Assets.xcassets in Resources */ = {isa = PBXBuildFile; fileRef = F92630921D8197F0003F13AB /* Assets.xcassets */; };
		F92630961D8197F0003F13AB /* LaunchScreen.storyboard in Resources */ = {isa = PBXBuildFile; fileRef = F92630941D8197F0003F13AB /* LaunchScreen.storyboard */; };
		F92630A11D8197F1003F13AB /* PullUpDownLibraryTests.swift in Sources */ = {isa = PBXBuildFile; fileRef = F92630A01D8197F1003F13AB /* PullUpDownLibraryTests.swift */; };
		F92630AC1D8197F1003F13AB /* PullUpDownLibraryUITests.swift in Sources */ = {isa = PBXBuildFile; fileRef = F92630AB1D8197F1003F13AB /* PullUpDownLibraryUITests.swift */; };
		F92630BD1D819886003F13AB /* ICSInfiniteScrolling.swift in Sources */ = {isa = PBXBuildFile; fileRef = F92630BA1D819886003F13AB /* ICSInfiniteScrolling.swift */; };
		F92630C21D819BAA003F13AB /* TableViewController.swift in Sources */ = {isa = PBXBuildFile; fileRef = F92630C11D819BAA003F13AB /* TableViewController.swift */; };
		F92630C41D819C08003F13AB /* TableViewCell.swift in Sources */ = {isa = PBXBuildFile; fileRef = F92630C31D819C08003F13AB /* TableViewCell.swift */; };
		F95E01911D87BF9900CD4B6E /* Extension.swift in Sources */ = {isa = PBXBuildFile; fileRef = F95E01901D87BF9900CD4B6E /* Extension.swift */; };
		F99FE89A1D9561A5004329A2 /* DGElasticPullToRefreshExtensions.swift in Sources */ = {isa = PBXBuildFile; fileRef = F99FE8951D9561A5004329A2 /* DGElasticPullToRefreshExtensions.swift */; };
		F99FE89B1D9561A5004329A2 /* DGElasticPullToRefreshLoadingView.swift in Sources */ = {isa = PBXBuildFile; fileRef = F99FE8961D9561A5004329A2 /* DGElasticPullToRefreshLoadingView.swift */; };
		F99FE89C1D9561A5004329A2 /* DGElasticPullToRefreshLoadingViewCircle.swift in Sources */ = {isa = PBXBuildFile; fileRef = F99FE8971D9561A5004329A2 /* DGElasticPullToRefreshLoadingViewCircle.swift */; };
		F99FE89D1D9561A5004329A2 /* DGElasticPullToRefreshView.swift in Sources */ = {isa = PBXBuildFile; fileRef = F99FE8981D9561A5004329A2 /* DGElasticPullToRefreshView.swift */; };
		F9A349961D86B4B1005CA3AF /* README.md in Sources */ = {isa = PBXBuildFile; fileRef = F9A349951D86B4B1005CA3AF /* README.md */; };
		F9A349991D86B88D005CA3AF /* .swiftlint.yml in Resources */ = {isa = PBXBuildFile; fileRef = F9A349981D86B88D005CA3AF /* .swiftlint.yml */; };
/* End PBXBuildFile section */

/* Begin PBXContainerItemProxy section */
		F926309D1D8197F1003F13AB /* PBXContainerItemProxy */ = {
			isa = PBXContainerItemProxy;
			containerPortal = F92630801D8197F0003F13AB /* Project object */;
			proxyType = 1;
			remoteGlobalIDString = F92630871D8197F0003F13AB;
			remoteInfo = PullUpDownLibrary;
		};
		F92630A81D8197F1003F13AB /* PBXContainerItemProxy */ = {
			isa = PBXContainerItemProxy;
			containerPortal = F92630801D8197F0003F13AB /* Project object */;
			proxyType = 1;
			remoteGlobalIDString = F92630871D8197F0003F13AB;
			remoteInfo = PullUpDownLibrary;
		};
/* End PBXContainerItemProxy section */

/* Begin PBXFileReference section */
		F92630881D8197F0003F13AB /* PullUpDownLibrary.app */ = {isa = PBXFileReference; explicitFileType = wrapper.application; includeInIndex = 0; path = PullUpDownLibrary.app; sourceTree = BUILT_PRODUCTS_DIR; };
		F926308B1D8197F0003F13AB /* AppDelegate.swift */ = {isa = PBXFileReference; lastKnownFileType = sourcecode.swift; path = AppDelegate.swift; sourceTree = "<group>"; };
		F92630901D8197F0003F13AB /* Base */ = {isa = PBXFileReference; lastKnownFileType = file.storyboard; name = Base; path = Base.lproj/Main.storyboard; sourceTree = "<group>"; };
		F92630921D8197F0003F13AB /* Assets.xcassets */ = {isa = PBXFileReference; lastKnownFileType = folder.assetcatalog; path = Assets.xcassets; sourceTree = "<group>"; };
		F92630951D8197F0003F13AB /* Base */ = {isa = PBXFileReference; lastKnownFileType = file.storyboard; name = Base; path = Base.lproj/LaunchScreen.storyboard; sourceTree = "<group>"; };
		F92630971D8197F0003F13AB /* Info.plist */ = {isa = PBXFileReference; lastKnownFileType = text.plist.xml; path = Info.plist; sourceTree = "<group>"; };
		F926309C1D8197F1003F13AB /* PullUpDownLibraryTests.xctest */ = {isa = PBXFileReference; explicitFileType = wrapper.cfbundle; includeInIndex = 0; path = PullUpDownLibraryTests.xctest; sourceTree = BUILT_PRODUCTS_DIR; };
		F92630A01D8197F1003F13AB /* PullUpDownLibraryTests.swift */ = {isa = PBXFileReference; lastKnownFileType = sourcecode.swift; path = PullUpDownLibraryTests.swift; sourceTree = "<group>"; };
		F92630A21D8197F1003F13AB /* Info.plist */ = {isa = PBXFileReference; lastKnownFileType = text.plist.xml; path = Info.plist; sourceTree = "<group>"; };
		F92630A71D8197F1003F13AB /* PullUpDownLibraryUITests.xctest */ = {isa = PBXFileReference; explicitFileType = wrapper.cfbundle; includeInIndex = 0; path = PullUpDownLibraryUITests.xctest; sourceTree = BUILT_PRODUCTS_DIR; };
		F92630AB1D8197F1003F13AB /* PullUpDownLibraryUITests.swift */ = {isa = PBXFileReference; lastKnownFileType = sourcecode.swift; path = PullUpDownLibraryUITests.swift; sourceTree = "<group>"; };
		F92630AD1D8197F1003F13AB /* Info.plist */ = {isa = PBXFileReference; lastKnownFileType = text.plist.xml; path = Info.plist; sourceTree = "<group>"; };
		F92630BA1D819886003F13AB /* ICSInfiniteScrolling.swift */ = {isa = PBXFileReference; fileEncoding = 4; lastKnownFileType = sourcecode.swift; path = ICSInfiniteScrolling.swift; sourceTree = "<group>"; };
		F92630BB1D819886003F13AB /* ICSPullToRefresh.h */ = {isa = PBXFileReference; fileEncoding = 4; lastKnownFileType = sourcecode.c.h; path = ICSPullToRefresh.h; sourceTree = "<group>"; };
		F92630C11D819BAA003F13AB /* TableViewController.swift */ = {isa = PBXFileReference; fileEncoding = 4; lastKnownFileType = sourcecode.swift; path = TableViewController.swift; sourceTree = "<group>"; };
		F92630C31D819C08003F13AB /* TableViewCell.swift */ = {isa = PBXFileReference; fileEncoding = 4; lastKnownFileType = sourcecode.swift; path = TableViewCell.swift; sourceTree = "<group>"; };
		F95E01901D87BF9900CD4B6E /* Extension.swift */ = {isa = PBXFileReference; fileEncoding = 4; lastKnownFileType = sourcecode.swift; path = Extension.swift; sourceTree = "<group>"; };
		F99FE8951D9561A5004329A2 /* DGElasticPullToRefreshExtensions.swift */ = {isa = PBXFileReference; fileEncoding = 4; lastKnownFileType = sourcecode.swift; path = DGElasticPullToRefreshExtensions.swift; sourceTree = "<group>"; };
		F99FE8961D9561A5004329A2 /* DGElasticPullToRefreshLoadingView.swift */ = {isa = PBXFileReference; fileEncoding = 4; lastKnownFileType = sourcecode.swift; path = DGElasticPullToRefreshLoadingView.swift; sourceTree = "<group>"; };
		F99FE8971D9561A5004329A2 /* DGElasticPullToRefreshLoadingViewCircle.swift */ = {isa = PBXFileReference; fileEncoding = 4; lastKnownFileType = sourcecode.swift; path = DGElasticPullToRefreshLoadingViewCircle.swift; sourceTree = "<group>"; };
		F99FE8981D9561A5004329A2 /* DGElasticPullToRefreshView.swift */ = {isa = PBXFileReference; fileEncoding = 4; lastKnownFileType = sourcecode.swift; path = DGElasticPullToRefreshView.swift; sourceTree = "<group>"; };
		F9A349951D86B4B1005CA3AF /* README.md */ = {isa = PBXFileReference; fileEncoding = 4; lastKnownFileType = net.daringfireball.markdown; path = README.md; sourceTree = "<group>"; };
		F9A349981D86B88D005CA3AF /* .swiftlint.yml */ = {isa = PBXFileReference; fileEncoding = 4; lastKnownFileType = text; name = .swiftlint.yml; path = PullUpDownLibrary/.swiftlint.yml; sourceTree = "<group>"; };
/* End PBXFileReference section */

/* Begin PBXFrameworksBuildPhase section */
		F92630851D8197F0003F13AB /* Frameworks */ = {
			isa = PBXFrameworksBuildPhase;
			buildActionMask = 2147483647;
			files = (
			);
			runOnlyForDeploymentPostprocessing = 0;
		};
		F92630991D8197F1003F13AB /* Frameworks */ = {
			isa = PBXFrameworksBuildPhase;
			buildActionMask = 2147483647;
			files = (
			);
			runOnlyForDeploymentPostprocessing = 0;
		};
		F92630A41D8197F1003F13AB /* Frameworks */ = {
			isa = PBXFrameworksBuildPhase;
			buildActionMask = 2147483647;
			files = (
			);
			runOnlyForDeploymentPostprocessing = 0;
		};
/* End PBXFrameworksBuildPhase section */

/* Begin PBXGroup section */
		81681DB63EE4053EB49913C8 /* Frameworks */ = {
			isa = PBXGroup;
			children = (
			);
			name = Frameworks;
			sourceTree = "<group>";
		};
		F926307F1D8197F0003F13AB = {
			isa = PBXGroup;
			children = (
				F9A349981D86B88D005CA3AF /* .swiftlint.yml */,
				F9A349951D86B4B1005CA3AF /* README.md */,
				F926308A1D8197F0003F13AB /* PullUpDownLibrary */,
				F926309F1D8197F1003F13AB /* PullUpDownLibraryTests */,
				F92630AA1D8197F1003F13AB /* PullUpDownLibraryUITests */,
				F92630891D8197F0003F13AB /* Products */,
				81681DB63EE4053EB49913C8 /* Frameworks */,
			);
			sourceTree = "<group>";
		};
		F92630891D8197F0003F13AB /* Products */ = {
			isa = PBXGroup;
			children = (
				F92630881D8197F0003F13AB /* PullUpDownLibrary.app */,
				F926309C1D8197F1003F13AB /* PullUpDownLibraryTests.xctest */,
				F92630A71D8197F1003F13AB /* PullUpDownLibraryUITests.xctest */,
			);
			name = Products;
			sourceTree = "<group>";
		};
		F926308A1D8197F0003F13AB /* PullUpDownLibrary */ = {
			isa = PBXGroup;
			children = (
				F92630BF1D819B87003F13AB /* ViewController */,
				F92630B91D819886003F13AB /* ICSPullToRefresh */,
				F99FE8931D9561A5004329A2 /* DGElasticPullToRefresh */,
				F926308B1D8197F0003F13AB /* AppDelegate.swift */,
				F926308F1D8197F0003F13AB /* Main.storyboard */,
				F92630921D8197F0003F13AB /* Assets.xcassets */,
				F92630941D8197F0003F13AB /* LaunchScreen.storyboard */,
				F92630971D8197F0003F13AB /* Info.plist */,
			);
			path = PullUpDownLibrary;
			sourceTree = "<group>";
		};
		F926309F1D8197F1003F13AB /* PullUpDownLibraryTests */ = {
			isa = PBXGroup;
			children = (
				F92630A01D8197F1003F13AB /* PullUpDownLibraryTests.swift */,
				F92630A21D8197F1003F13AB /* Info.plist */,
			);
			path = PullUpDownLibraryTests;
			sourceTree = "<group>";
		};
		F92630AA1D8197F1003F13AB /* PullUpDownLibraryUITests */ = {
			isa = PBXGroup;
			children = (
				F92630AB1D8197F1003F13AB /* PullUpDownLibraryUITests.swift */,
				F92630AD1D8197F1003F13AB /* Info.plist */,
			);
			path = PullUpDownLibraryUITests;
			sourceTree = "<group>";
		};
		F92630B91D819886003F13AB /* ICSPullToRefresh */ = {
			isa = PBXGroup;
			children = (
				F95E01901D87BF9900CD4B6E /* Extension.swift */,
				F92630BA1D819886003F13AB /* ICSInfiniteScrolling.swift */,
				F92630BB1D819886003F13AB /* ICSPullToRefresh.h */,
			);
			path = ICSPullToRefresh;
			sourceTree = "<group>";
		};
		F92630BF1D819B87003F13AB /* ViewController */ = {
			isa = PBXGroup;
			children = (
				F92630C01D819B87003F13AB /* TableViewController */,
			);
			path = ViewController;
			sourceTree = "<group>";
		};
		F92630C01D819B87003F13AB /* TableViewController */ = {
			isa = PBXGroup;
			children = (
				F92630C11D819BAA003F13AB /* TableViewController.swift */,
				F92630C31D819C08003F13AB /* TableViewCell.swift */,
			);
			path = TableViewController;
			sourceTree = "<group>";
		};
		F99FE8931D9561A5004329A2 /* DGElasticPullToRefresh */ = {
			isa = PBXGroup;
			children = (
				F99FE8951D9561A5004329A2 /* DGElasticPullToRefreshExtensions.swift */,
				F99FE8961D9561A5004329A2 /* DGElasticPullToRefreshLoadingView.swift */,
				F99FE8971D9561A5004329A2 /* DGElasticPullToRefreshLoadingViewCircle.swift */,
				F99FE8981D9561A5004329A2 /* DGElasticPullToRefreshView.swift */,
			);
			path = DGElasticPullToRefresh;
			sourceTree = "<group>";
		};
/* End PBXGroup section */

/* Begin PBXNativeTarget section */
		F92630871D8197F0003F13AB /* PullUpDownLibrary */ = {
			isa = PBXNativeTarget;
			buildConfigurationList = F92630B01D8197F1003F13AB /* Build configuration list for PBXNativeTarget "PullUpDownLibrary" */;
			buildPhases = (
				F92630841D8197F0003F13AB /* Sources */,
				F92630851D8197F0003F13AB /* Frameworks */,
				F92630861D8197F0003F13AB /* Resources */,
				F9A349971D86B809005CA3AF /* ShellScript */,
			);
			buildRules = (
			);
			dependencies = (
			);
			name = PullUpDownLibrary;
			productName = PullUpDownLibrary;
			productReference = F92630881D8197F0003F13AB /* PullUpDownLibrary.app */;
			productType = "com.apple.product-type.application";
		};
		F926309B1D8197F1003F13AB /* PullUpDownLibraryTests */ = {
			isa = PBXNativeTarget;
			buildConfigurationList = F92630B31D8197F1003F13AB /* Build configuration list for PBXNativeTarget "PullUpDownLibraryTests" */;
			buildPhases = (
				D6828A4AE33FFDB6B2783DC2 /* [CP] Check Pods Manifest.lock */,
				F92630981D8197F1003F13AB /* Sources */,
				F92630991D8197F1003F13AB /* Frameworks */,
				F926309A1D8197F1003F13AB /* Resources */,
				35B27FF7AC7223B948DE6806 /* [CP] Embed Pods Frameworks */,
				7D610B3687CED046BF6EA647 /* [CP] Copy Pods Resources */,
			);
			buildRules = (
			);
			dependencies = (
				F926309E1D8197F1003F13AB /* PBXTargetDependency */,
			);
			name = PullUpDownLibraryTests;
			productName = PullUpDownLibraryTests;
			productReference = F926309C1D8197F1003F13AB /* PullUpDownLibraryTests.xctest */;
			productType = "com.apple.product-type.bundle.unit-test";
		};
		F92630A61D8197F1003F13AB /* PullUpDownLibraryUITests */ = {
			isa = PBXNativeTarget;
			buildConfigurationList = F92630B61D8197F1003F13AB /* Build configuration list for PBXNativeTarget "PullUpDownLibraryUITests" */;
			buildPhases = (
				181EC51E7BF776A354BF2AC7 /* [CP] Check Pods Manifest.lock */,
				F92630A31D8197F1003F13AB /* Sources */,
				F92630A41D8197F1003F13AB /* Frameworks */,
				F92630A51D8197F1003F13AB /* Resources */,
				EAA765F9EAEEC41406F34723 /* [CP] Embed Pods Frameworks */,
				67BAC001E019EF8ADA418FD9 /* [CP] Copy Pods Resources */,
			);
			buildRules = (
			);
			dependencies = (
				F92630A91D8197F1003F13AB /* PBXTargetDependency */,
			);
			name = PullUpDownLibraryUITests;
			productName = PullUpDownLibraryUITests;
			productReference = F92630A71D8197F1003F13AB /* PullUpDownLibraryUITests.xctest */;
			productType = "com.apple.product-type.bundle.ui-testing";
		};
/* End PBXNativeTarget section */

/* Begin PBXProject section */
		F92630801D8197F0003F13AB /* Project object */ = {
			isa = PBXProject;
			attributes = {
				LastSwiftUpdateCheck = 0730;
				LastUpgradeCheck = 0800;
				ORGANIZATIONNAME = sarishti;
				TargetAttributes = {
					F92630871D8197F0003F13AB = {
						CreatedOnToolsVersion = 7.3;
						DevelopmentTeam = E37PQNJVZM;
						LastSwiftMigration = 0800;
						ProvisioningStyle = Automatic;
					};
					F926309B1D8197F1003F13AB = {
						CreatedOnToolsVersion = 7.3;
						DevelopmentTeam = E37PQNJVZM;
						LastSwiftMigration = 0800;
						TestTargetID = F92630871D8197F0003F13AB;
					};
					F92630A61D8197F1003F13AB = {
						CreatedOnToolsVersion = 7.3;
						DevelopmentTeam = E37PQNJVZM;
						LastSwiftMigration = 0800;
						TestTargetID = F92630871D8197F0003F13AB;
					};
				};
			};
			buildConfigurationList = F92630831D8197F0003F13AB /* Build configuration list for PBXProject "PullUpDownLibrary" */;
			compatibilityVersion = "Xcode 3.2";
			developmentRegion = English;
			hasScannedForEncodings = 0;
			knownRegions = (
				en,
				Base,
			);
			mainGroup = F926307F1D8197F0003F13AB;
			productRefGroup = F92630891D8197F0003F13AB /* Products */;
			projectDirPath = "";
			projectRoot = "";
			targets = (
				F92630871D8197F0003F13AB /* PullUpDownLibrary */,
				F926309B1D8197F1003F13AB /* PullUpDownLibraryTests */,
				F92630A61D8197F1003F13AB /* PullUpDownLibraryUITests */,
			);
		};
/* End PBXProject section */

/* Begin PBXResourcesBuildPhase section */
		F92630861D8197F0003F13AB /* Resources */ = {
			isa = PBXResourcesBuildPhase;
			buildActionMask = 2147483647;
			files = (
				F9A349991D86B88D005CA3AF /* .swiftlint.yml in Resources */,
				F92630961D8197F0003F13AB /* LaunchScreen.storyboard in Resources */,
				F92630931D8197F0003F13AB /* Assets.xcassets in Resources */,
				F92630911D8197F0003F13AB /* Main.storyboard in Resources */,
			);
			runOnlyForDeploymentPostprocessing = 0;
		};
		F926309A1D8197F1003F13AB /* Resources */ = {
			isa = PBXResourcesBuildPhase;
			buildActionMask = 2147483647;
			files = (
			);
			runOnlyForDeploymentPostprocessing = 0;
		};
		F92630A51D8197F1003F13AB /* Resources */ = {
			isa = PBXResourcesBuildPhase;
			buildActionMask = 2147483647;
			files = (
			);
			runOnlyForDeploymentPostprocessing = 0;
		};
/* End PBXResourcesBuildPhase section */

/* Begin PBXShellScriptBuildPhase section */
		181EC51E7BF776A354BF2AC7 /* [CP] Check Pods Manifest.lock */ = {
			isa = PBXShellScriptBuildPhase;
			buildActionMask = 2147483647;
			files = (
			);
			inputPaths = (
			);
			name = "[CP] Check Pods Manifest.lock";
			outputPaths = (
			);
			runOnlyForDeploymentPostprocessing = 0;
			shellPath = /bin/sh;
			shellScript = "diff \"${PODS_ROOT}/../Podfile.lock\" \"${PODS_ROOT}/Manifest.lock\" > /dev/null\nif [ $? != 0 ] ; then\n    # print error to STDERR\n    echo \"error: The sandbox is not in sync with the Podfile.lock. Run 'pod install' or update your CocoaPods installation.\" >&2\n    exit 1\nfi\n";
			showEnvVarsInLog = 0;
		};
		35B27FF7AC7223B948DE6806 /* [CP] Embed Pods Frameworks */ = {
			isa = PBXShellScriptBuildPhase;
			buildActionMask = 2147483647;
			files = (
			);
			inputPaths = (
			);
			name = "[CP] Embed Pods Frameworks";
			outputPaths = (
			);
			runOnlyForDeploymentPostprocessing = 0;
			shellPath = /bin/sh;
			shellScript = "\"${SRCROOT}/Pods/Target Support Files/Pods-PullUpDownLibraryTests/Pods-PullUpDownLibraryTests-frameworks.sh\"\n";
			showEnvVarsInLog = 0;
		};
		67BAC001E019EF8ADA418FD9 /* [CP] Copy Pods Resources */ = {
			isa = PBXShellScriptBuildPhase;
			buildActionMask = 2147483647;
			files = (
			);
			inputPaths = (
			);
			name = "[CP] Copy Pods Resources";
			outputPaths = (
			);
			runOnlyForDeploymentPostprocessing = 0;
			shellPath = /bin/sh;
			shellScript = "\"${SRCROOT}/Pods/Target Support Files/Pods-PullUpDownLibraryUITests/Pods-PullUpDownLibraryUITests-resources.sh\"\n";
			showEnvVarsInLog = 0;
		};
		7D610B3687CED046BF6EA647 /* [CP] Copy Pods Resources */ = {
			isa = PBXShellScriptBuildPhase;
			buildActionMask = 2147483647;
			files = (
			);
			inputPaths = (
			);
			name = "[CP] Copy Pods Resources";
			outputPaths = (
			);
			runOnlyForDeploymentPostprocessing = 0;
			shellPath = /bin/sh;
			shellScript = "\"${SRCROOT}/Pods/Target Support Files/Pods-PullUpDownLibraryTests/Pods-PullUpDownLibraryTests-resources.sh\"\n";
			showEnvVarsInLog = 0;
		};
		D6828A4AE33FFDB6B2783DC2 /* [CP] Check Pods Manifest.lock */ = {
			isa = PBXShellScriptBuildPhase;
			buildActionMask = 2147483647;
			files = (
			);
			inputPaths = (
			);
			name = "[CP] Check Pods Manifest.lock";
			outputPaths = (
			);
			runOnlyForDeploymentPostprocessing = 0;
			shellPath = /bin/sh;
			shellScript = "diff \"${PODS_ROOT}/../Podfile.lock\" \"${PODS_ROOT}/Manifest.lock\" > /dev/null\nif [ $? != 0 ] ; then\n    # print error to STDERR\n    echo \"error: The sandbox is not in sync with the Podfile.lock. Run 'pod install' or update your CocoaPods installation.\" >&2\n    exit 1\nfi\n";
			showEnvVarsInLog = 0;
		};
		EAA765F9EAEEC41406F34723 /* [CP] Embed Pods Frameworks */ = {
			isa = PBXShellScriptBuildPhase;
			buildActionMask = 2147483647;
			files = (
			);
			inputPaths = (
			);
			name = "[CP] Embed Pods Frameworks";
			outputPaths = (
			);
			runOnlyForDeploymentPostprocessing = 0;
			shellPath = /bin/sh;
			shellScript = "\"${SRCROOT}/Pods/Target Support Files/Pods-PullUpDownLibraryUITests/Pods-PullUpDownLibraryUITests-frameworks.sh\"\n";
			showEnvVarsInLog = 0;
		};
		F9A349971D86B809005CA3AF /* ShellScript */ = {
			isa = PBXShellScriptBuildPhase;
			buildActionMask = 12;
			files = (
			);
			inputPaths = (
			);
			outputPaths = (
			);
			runOnlyForDeploymentPostprocessing = 0;
			shellPath = /bin/sh;
			shellScript = "if which swiftlint >/dev/null; then\nswiftlint\nelse\necho \"warning: SwiftLint not installed, download from https://github.com/realm/SwiftLint\"\nfi";
		};
/* End PBXShellScriptBuildPhase section */

/* Begin PBXSourcesBuildPhase section */
		F92630841D8197F0003F13AB /* Sources */ = {
			isa = PBXSourcesBuildPhase;
			buildActionMask = 2147483647;
			files = (
				F92630BD1D819886003F13AB /* ICSInfiniteScrolling.swift in Sources */,
				F926308C1D8197F0003F13AB /* AppDelegate.swift in Sources */,
				F99FE89D1D9561A5004329A2 /* DGElasticPullToRefreshView.swift in Sources */,
				F99FE89C1D9561A5004329A2 /* DGElasticPullToRefreshLoadingViewCircle.swift in Sources */,
				F95E01911D87BF9900CD4B6E /* Extension.swift in Sources */,
				F9A349961D86B4B1005CA3AF /* README.md in Sources */,
				F99FE89B1D9561A5004329A2 /* DGElasticPullToRefreshLoadingView.swift in Sources */,
				F99FE89A1D9561A5004329A2 /* DGElasticPullToRefreshExtensions.swift in Sources */,
				F92630C41D819C08003F13AB /* TableViewCell.swift in Sources */,
				F92630C21D819BAA003F13AB /* TableViewController.swift in Sources */,
			);
			runOnlyForDeploymentPostprocessing = 0;
		};
		F92630981D8197F1003F13AB /* Sources */ = {
			isa = PBXSourcesBuildPhase;
			buildActionMask = 2147483647;
			files = (
				F92630A11D8197F1003F13AB /* PullUpDownLibraryTests.swift in Sources */,
			);
			runOnlyForDeploymentPostprocessing = 0;
		};
		F92630A31D8197F1003F13AB /* Sources */ = {
			isa = PBXSourcesBuildPhase;
			buildActionMask = 2147483647;
			files = (
				F92630AC1D8197F1003F13AB /* PullUpDownLibraryUITests.swift in Sources */,
			);
			runOnlyForDeploymentPostprocessing = 0;
		};
/* End PBXSourcesBuildPhase section */

/* Begin PBXTargetDependency section */
		F926309E1D8197F1003F13AB /* PBXTargetDependency */ = {
			isa = PBXTargetDependency;
			target = F92630871D8197F0003F13AB /* PullUpDownLibrary */;
			targetProxy = F926309D1D8197F1003F13AB /* PBXContainerItemProxy */;
		};
		F92630A91D8197F1003F13AB /* PBXTargetDependency */ = {
			isa = PBXTargetDependency;
			target = F92630871D8197F0003F13AB /* PullUpDownLibrary */;
			targetProxy = F92630A81D8197F1003F13AB /* PBXContainerItemProxy */;
		};
/* End PBXTargetDependency section */

/* Begin PBXVariantGroup section */
		F926308F1D8197F0003F13AB /* Main.storyboard */ = {
			isa = PBXVariantGroup;
			children = (
				F92630901D8197F0003F13AB /* Base */,
			);
			name = Main.storyboard;
			sourceTree = "<group>";
		};
		F92630941D8197F0003F13AB /* LaunchScreen.storyboard */ = {
			isa = PBXVariantGroup;
			children = (
				F92630951D8197F0003F13AB /* Base */,
			);
			name = LaunchScreen.storyboard;
			sourceTree = "<group>";
		};
/* End PBXVariantGroup section */

/* Begin XCBuildConfiguration section */
		F92630AE1D8197F1003F13AB /* Debug */ = {
			isa = XCBuildConfiguration;
			buildSettings = {
				ALWAYS_SEARCH_USER_PATHS = NO;
				CLANG_ANALYZER_NONNULL = YES;
				CLANG_CXX_LANGUAGE_STANDARD = "gnu++0x";
				CLANG_CXX_LIBRARY = "libc++";
				CLANG_ENABLE_MODULES = YES;
				CLANG_ENABLE_OBJC_ARC = YES;
				CLANG_WARN_BOOL_CONVERSION = YES;
				CLANG_WARN_CONSTANT_CONVERSION = YES;
				CLANG_WARN_DIRECT_OBJC_ISA_USAGE = YES_ERROR;
				CLANG_WARN_EMPTY_BODY = YES;
				CLANG_WARN_ENUM_CONVERSION = YES;
				CLANG_WARN_INFINITE_RECURSION = YES;
				CLANG_WARN_INT_CONVERSION = YES;
				CLANG_WARN_OBJC_ROOT_CLASS = YES_ERROR;
				CLANG_WARN_SUSPICIOUS_MOVE = YES;
				CLANG_WARN_UNREACHABLE_CODE = YES;
				CLANG_WARN__DUPLICATE_METHOD_MATCH = YES;
				CODE_SIGN_IDENTITY = "";
				"CODE_SIGN_IDENTITY[sdk=iphoneos*]" = "iPhone Developer: Manpreet Narang (5TR2L44RMY)";
				COPY_PHASE_STRIP = NO;
				DEBUG_INFORMATION_FORMAT = dwarf;
				DEVELOPMENT_TEAM = E37PQNJVZM;
				ENABLE_STRICT_OBJC_MSGSEND = YES;
				ENABLE_TESTABILITY = YES;
				GCC_C_LANGUAGE_STANDARD = gnu99;
				GCC_DYNAMIC_NO_PIC = NO;
				GCC_NO_COMMON_BLOCKS = YES;
				GCC_OPTIMIZATION_LEVEL = 0;
				GCC_PREPROCESSOR_DEFINITIONS = (
					"DEBUG=1",
					"$(inherited)",
				);
				GCC_WARN_64_TO_32_BIT_CONVERSION = YES;
				GCC_WARN_ABOUT_RETURN_TYPE = YES_ERROR;
				GCC_WARN_UNDECLARED_SELECTOR = YES;
				GCC_WARN_UNINITIALIZED_AUTOS = YES_AGGRESSIVE;
				GCC_WARN_UNUSED_FUNCTION = YES;
				GCC_WARN_UNUSED_VARIABLE = YES;
				IPHONEOS_DEPLOYMENT_TARGET = 8.0;
				MTL_ENABLE_DEBUG_INFO = YES;
				ONLY_ACTIVE_ARCH = YES;
				PROVISIONING_PROFILE = "";
				SDKROOT = iphoneos;
				SWIFT_OPTIMIZATION_LEVEL = "-Onone";
			};
			name = Debug;
		};
		F92630AF1D8197F1003F13AB /* Release */ = {
			isa = XCBuildConfiguration;
			buildSettings = {
				ALWAYS_SEARCH_USER_PATHS = NO;
				CLANG_ANALYZER_NONNULL = YES;
				CLANG_CXX_LANGUAGE_STANDARD = "gnu++0x";
				CLANG_CXX_LIBRARY = "libc++";
				CLANG_ENABLE_MODULES = YES;
				CLANG_ENABLE_OBJC_ARC = YES;
				CLANG_WARN_BOOL_CONVERSION = YES;
				CLANG_WARN_CONSTANT_CONVERSION = YES;
				CLANG_WARN_DIRECT_OBJC_ISA_USAGE = YES_ERROR;
				CLANG_WARN_EMPTY_BODY = YES;
				CLANG_WARN_ENUM_CONVERSION = YES;
				CLANG_WARN_INFINITE_RECURSION = YES;
				CLANG_WARN_INT_CONVERSION = YES;
				CLANG_WARN_OBJC_ROOT_CLASS = YES_ERROR;
				CLANG_WARN_SUSPICIOUS_MOVE = YES;
				CLANG_WARN_UNREACHABLE_CODE = YES;
				CLANG_WARN__DUPLICATE_METHOD_MATCH = YES;
				CODE_SIGN_IDENTITY = "";
				"CODE_SIGN_IDENTITY[sdk=iphoneos*]" = "iPhone Developer: Manpreet Narang (5TR2L44RMY)";
				COPY_PHASE_STRIP = NO;
				DEBUG_INFORMATION_FORMAT = "dwarf-with-dsym";
				DEVELOPMENT_TEAM = E37PQNJVZM;
				ENABLE_NS_ASSERTIONS = NO;
				ENABLE_STRICT_OBJC_MSGSEND = YES;
				GCC_C_LANGUAGE_STANDARD = gnu99;
				GCC_NO_COMMON_BLOCKS = YES;
				GCC_WARN_64_TO_32_BIT_CONVERSION = YES;
				GCC_WARN_ABOUT_RETURN_TYPE = YES_ERROR;
				GCC_WARN_UNDECLARED_SELECTOR = YES;
				GCC_WARN_UNINITIALIZED_AUTOS = YES_AGGRESSIVE;
				GCC_WARN_UNUSED_FUNCTION = YES;
				GCC_WARN_UNUSED_VARIABLE = YES;
				IPHONEOS_DEPLOYMENT_TARGET = 8.0;
				MTL_ENABLE_DEBUG_INFO = NO;
				PROVISIONING_PROFILE = "";
				SDKROOT = iphoneos;
				SWIFT_OPTIMIZATION_LEVEL = "-Owholemodule";
				VALIDATE_PRODUCT = YES;
			};
			name = Release;
		};
		F92630B11D8197F1003F13AB /* Debug */ = {
			isa = XCBuildConfiguration;
			buildSettings = {
				ALWAYS_EMBED_SWIFT_STANDARD_LIBRARIES = YES;
				ASSETCATALOG_COMPILER_APPICON_NAME = AppIcon;
				CODE_SIGN_IDENTITY = "iPhone Developer: Manpreet Narang (5TR2L44RMY)";
				"CODE_SIGN_IDENTITY[sdk=iphoneos*]" = "iPhone Developer";
				DEVELOPMENT_TEAM = E37PQNJVZM;
				INFOPLIST_FILE = PullUpDownLibrary/Info.plist;
				IPHONEOS_DEPLOYMENT_TARGET = 9.3;
				LD_RUNPATH_SEARCH_PATHS = "$(inherited) @executable_path/Frameworks";
				PRODUCT_BUNDLE_IDENTIFIER = com.netsolutions;
				PRODUCT_NAME = "$(TARGET_NAME)";
				PROVISIONING_PROFILE_SPECIFIER = "";
				SWIFT_VERSION = 3.0;
			};
			name = Debug;
		};
		F92630B21D8197F1003F13AB /* Release */ = {
			isa = XCBuildConfiguration;
			buildSettings = {
				ALWAYS_EMBED_SWIFT_STANDARD_LIBRARIES = YES;
				ASSETCATALOG_COMPILER_APPICON_NAME = AppIcon;
				CODE_SIGN_IDENTITY = "iPhone Developer: Manpreet Narang (5TR2L44RMY)";
				"CODE_SIGN_IDENTITY[sdk=iphoneos*]" = "iPhone Developer";
				DEVELOPMENT_TEAM = E37PQNJVZM;
				INFOPLIST_FILE = PullUpDownLibrary/Info.plist;
				IPHONEOS_DEPLOYMENT_TARGET = 9.3;
				LD_RUNPATH_SEARCH_PATHS = "$(inherited) @executable_path/Frameworks";
				PRODUCT_BUNDLE_IDENTIFIER = com.netsolutions;
				PRODUCT_NAME = "$(TARGET_NAME)";
				PROVISIONING_PROFILE_SPECIFIER = "";
				SWIFT_VERSION = 3.0;
			};
			name = Release;
		};
		F92630B41D8197F1003F13AB /* Debug */ = {
			isa = XCBuildConfiguration;
			buildSettings = {
				BUNDLE_LOADER = "$(TEST_HOST)";
				INFOPLIST_FILE = PullUpDownLibraryTests/Info.plist;
				LD_RUNPATH_SEARCH_PATHS = "$(inherited) @executable_path/Frameworks @loader_path/Frameworks";
				PRODUCT_BUNDLE_IDENTIFIER = com.netsol.PullUpDownLibraryTests;
				PRODUCT_NAME = "$(TARGET_NAME)";
				SWIFT_VERSION = 3.0;
				TEST_HOST = "$(BUILT_PRODUCTS_DIR)/PullUpDownLibrary.app/PullUpDownLibrary";
			};
			name = Debug;
		};
		F92630B51D8197F1003F13AB /* Release */ = {
			isa = XCBuildConfiguration;
			buildSettings = {
				BUNDLE_LOADER = "$(TEST_HOST)";
				INFOPLIST_FILE = PullUpDownLibraryTests/Info.plist;
				LD_RUNPATH_SEARCH_PATHS = "$(inherited) @executable_path/Frameworks @loader_path/Frameworks";
				PRODUCT_BUNDLE_IDENTIFIER = com.netsol.PullUpDownLibraryTests;
				PRODUCT_NAME = "$(TARGET_NAME)";
				SWIFT_VERSION = 3.0;
				TEST_HOST = "$(BUILT_PRODUCTS_DIR)/PullUpDownLibrary.app/PullUpDownLibrary";
			};
			name = Release;
		};
		F92630B71D8197F1003F13AB /* Debug */ = {
			isa = XCBuildConfiguration;
			buildSettings = {
				INFOPLIST_FILE = PullUpDownLibraryUITests/Info.plist;
				LD_RUNPATH_SEARCH_PATHS = "$(inherited) @executable_path/Frameworks @loader_path/Frameworks";
				PRODUCT_BUNDLE_IDENTIFIER = com.netsol.PullUpDownLibraryUITests;
				PRODUCT_NAME = "$(TARGET_NAME)";
				SWIFT_VERSION = 3.0;
				TEST_TARGET_NAME = PullUpDownLibrary;
			};
			name = Debug;
		};
		F92630B81D8197F1003F13AB /* Release */ = {
			isa = XCBuildConfiguration;
			buildSettings = {
				INFOPLIST_FILE = PullUpDownLibraryUITests/Info.plist;
				LD_RUNPATH_SEARCH_PATHS = "$(inherited) @executable_path/Frameworks @loader_path/Frameworks";
				PRODUCT_BUNDLE_IDENTIFIER = com.netsol.PullUpDownLibraryUITests;
				PRODUCT_NAME = "$(TARGET_NAME)";
				SWIFT_VERSION = 3.0;
				TEST_TARGET_NAME = PullUpDownLibrary;
			};
			name = Release;
		};
/* End XCBuildConfiguration section */

/* Begin XCConfigurationList section */
		F92630831D8197F0003F13AB /* Build configuration list for PBXProject "PullUpDownLibrary" */ = {
			isa = XCConfigurationList;
			buildConfigurations = (
				F92630AE1D8197F1003F13AB /* Debug */,
				F92630AF1D8197F1003F13AB /* Release */,
			);
			defaultConfigurationIsVisible = 0;
			defaultConfigurationName = Release;
		};
		F92630B01D8197F1003F13AB /* Build configuration list for PBXNativeTarget "PullUpDownLibrary" */ = {
			isa = XCConfigurationList;
			buildConfigurations = (
				F92630B11D8197F1003F13AB /* Debug */,
				F92630B21D8197F1003F13AB /* Release */,
			);
			defaultConfigurationIsVisible = 0;
			defaultConfigurationName = Release;
		};
		F92630B31D8197F1003F13AB /* Build configuration list for PBXNativeTarget "PullUpDownLibraryTests" */ = {
			isa = XCConfigurationList;
			buildConfigurations = (
				F92630B41D8197F1003F13AB /* Debug */,
				F92630B51D8197F1003F13AB /* Release */,
			);
			defaultConfigurationIsVisible = 0;
			defaultConfigurationName = Release;
		};
		F92630B61D8197F1003F13AB /* Build configuration list for PBXNativeTarget "PullUpDownLibraryUITests" */ = {
			isa = XCConfigurationList;
			buildConfigurations = (
				F92630B71D8197F1003F13AB /* Debug */,
				F92630B81D8197F1003F13AB /* Release */,
			);
			defaultConfigurationIsVisible = 0;
			defaultConfigurationName = Release;
		};
/* End XCConfigurationList section */
	};
	rootObject = F92630801D8197F0003F13AB /* Project object */;
}
